
Microsoft Visual Studio Solution File, Format Version 12.00
# Visual Studio Version 17
VisualStudioVersion = 17.2.32526.322
MinimumVisualStudioVersion = 10.0.40219.1
Project("{FAE04EC0-301F-11D3-BF4B-00C04F79EFBC}") = "LUFTBORN", "LUFTBORN\LUFTBORN.csproj", "{99ED6F10-39C5-40CC-93B2-590D675D8389}"
EndProject
Global
	GlobalSection(SolutionConfigurationPlatforms) = preSolution
		Debug|Any CPU = Debug|Any CPU
		Release|Any CPU = Release|Any CPU
	EndGlobalSection
	GlobalSection(ProjectConfigurationPlatforms) = postSolution
		{99ED6F10-39C5-40CC-93B2-590D675D8389}.Debug|Any CPU.ActiveCfg = Debug|Any CPU
		{99ED6F10-39C5-40CC-93B2-590D675D8389}.Debug|Any CPU.Build.0 = Debug|Any CPU
		{99ED6F10-39C5-40CC-93B2-590D675D8389}.Release|Any CPU.ActiveCfg = Release|Any CPU
		{99ED6F10-39C5-40CC-93B2-590D675D8389}.Release|Any CPU.Build.0 = Release|Any CPU
	EndGlobalSection
	GlobalSection(SolutionProperties) = preSolution
		HideSolutionNode = FALSE
	EndGlobalSection
	GlobalSection(ExtensibilityGlobals) = postSolution
		SolutionGuid = {79448A87-88D3-433F-844E-E2F1834E0662}
	EndGlobalSection
EndGlobal
